
Microsoft Visual Studio Solution File, Format Version 12.00
# Visual Studio Version 17
VisualStudioVersion = 17.6.33829.357
MinimumVisualStudioVersion = 10.0.40219.1
Project("{FAE04EC0-301F-11D3-BF4B-00C04F79EFBC}") = "BWI.JAN20.WEB", "BWI.JAN20.WEB\BWI.JAN20.WEB.csproj", "{2AA6B47B-2902-49AE-8ACA-ED848B5054EE}"
EndProject
Global
	GlobalSection(SolutionConfigurationPlatforms) = preSolution
		Debug|Any CPU = Debug|Any CPU
		Release|Any CPU = Release|Any CPU
	EndGlobalSection
	GlobalSection(ProjectConfigurationPlatforms) = postSolution
		{2AA6B47B-2902-49AE-8ACA-ED848B5054EE}.Debug|Any CPU.ActiveCfg = Debug|Any CPU
		{2AA6B47B-2902-49AE-8ACA-ED848B5054EE}.Debug|Any CPU.Build.0 = Debug|Any CPU
		{2AA6B47B-2902-49AE-8ACA-ED848B5054EE}.Release|Any CPU.ActiveCfg = Release|Any CPU
		{2AA6B47B-2902-49AE-8ACA-ED848B5054EE}.Release|Any CPU.Build.0 = Release|Any CPU
	EndGlobalSection
	GlobalSection(SolutionProperties) = preSolution
		HideSolutionNode = FALSE
	EndGlobalSection
	GlobalSection(ExtensibilityGlobals) = postSolution
		SolutionGuid = {83CD0E77-13C7-4A1D-B61A-21F26D3C4221}
	EndGlobalSection
EndGlobal
